// !$*UTF8*$!
{
	archiveVersion = 1;
	classes = {
	};
	objectVersion = 50;
	objects = {

/* Begin PBXBuildFile section */
		5B2254E123D6D3CF00AA78ED /* KKCustomTV.m in Sources */ = {isa = PBXBuildFile; fileRef = 5B2254DD23D6D3CF00AA78ED /* KKCustomTV.m */; };
		5B2254E223D6D3CF00AA78ED /* KKTestTVCell.m in Sources */ = {isa = PBXBuildFile; fileRef = 5B2254E023D6D3CF00AA78ED /* KKTestTVCell.m */; };
		5B6589F921747F58008327FA /* AppDelegate.m in Sources */ = {isa = PBXBuildFile; fileRef = 5B6589F821747F58008327FA /* AppDelegate.m */; };
		5B6589FC21747F58008327FA /* ViewController.m in Sources */ = {isa = PBXBuildFile; fileRef = 5B6589FB21747F58008327FA /* ViewController.m */; };
		5B6589FF21747F58008327FA /* Main.storyboard in Resources */ = {isa = PBXBuildFile; fileRef = 5B6589FD21747F58008327FA /* Main.storyboard */; };
		5B658A0121747F65008327FA /* Assets.xcassets in Resources */ = {isa = PBXBuildFile; fileRef = 5B658A0021747F65008327FA /* Assets.xcassets */; };
		5B658A0421747F65008327FA /* LaunchScreen.storyboard in Resources */ = {isa = PBXBuildFile; fileRef = 5B658A0221747F65008327FA /* LaunchScreen.storyboard */; };
		5B658A0721747F65008327FA /* main.m in Sources */ = {isa = PBXBuildFile; fileRef = 5B658A0621747F65008327FA /* main.m */; };
		5B658A1121747F65008327FA /* DealImage_DemoTests.m in Sources */ = {isa = PBXBuildFile; fileRef = 5B658A1021747F65008327FA /* DealImage_DemoTests.m */; };
		5B658A1C21747F65008327FA /* DealImage_DemoUITests.m in Sources */ = {isa = PBXBuildFile; fileRef = 5B658A1B21747F65008327FA /* DealImage_DemoUITests.m */; };
		5B658A2C21748306008327FA /* EditPictureVC.m in Sources */ = {isa = PBXBuildFile; fileRef = 5B658A2A21748306008327FA /* EditPictureVC.m */; };
		5B658A2D21748306008327FA /* EditPictureVC.xib in Resources */ = {isa = PBXBuildFile; fileRef = 5B658A2B21748306008327FA /* EditPictureVC.xib */; };
		5B658A2F21748492008327FA /* pic.jpg in Resources */ = {isa = PBXBuildFile; fileRef = 5B658A2E21748492008327FA /* pic.jpg */; };
		5B658A3221748EA4008327FA /* UIImage+SubImage.m in Sources */ = {isa = PBXBuildFile; fileRef = 5B658A3021748EA4008327FA /* UIImage+SubImage.m */; };
		5B69792723CEB52500AC5707 /* KKTimer.m in Sources */ = {isa = PBXBuildFile; fileRef = 5B69792623CEB52500AC5707 /* KKTimer.m */; };
/* End PBXBuildFile section */

/* Begin PBXContainerItemProxy section */
		5B658A0D21747F65008327FA /* PBXContainerItemProxy */ = {
			isa = PBXContainerItemProxy;
			containerPortal = 5B6589EC21747F58008327FA /* Project object */;
			proxyType = 1;
			remoteGlobalIDString = 5B6589F321747F58008327FA;
			remoteInfo = DealImage_Demo;
		};
		5B658A1821747F65008327FA /* PBXContainerItemProxy */ = {
			isa = PBXContainerItemProxy;
			containerPortal = 5B6589EC21747F58008327FA /* Project object */;
			proxyType = 1;
			remoteGlobalIDString = 5B6589F321747F58008327FA;
			remoteInfo = DealImage_Demo;
		};
/* End PBXContainerItemProxy section */

/* Begin PBXFileReference section */
		5B2254DD23D6D3CF00AA78ED /* KKCustomTV.m */ = {isa = PBXFileReference; fileEncoding = 4; lastKnownFileType = sourcecode.c.objc; path = KKCustomTV.m; sourceTree = "<group>"; };
		5B2254DE23D6D3CF00AA78ED /* KKTestTVCell.h */ = {isa = PBXFileReference; fileEncoding = 4; lastKnownFileType = sourcecode.c.h; path = KKTestTVCell.h; sourceTree = "<group>"; };
		5B2254DF23D6D3CF00AA78ED /* KKCustomTV.h */ = {isa = PBXFileReference; fileEncoding = 4; lastKnownFileType = sourcecode.c.h; path = KKCustomTV.h; sourceTree = "<group>"; };
		5B2254E023D6D3CF00AA78ED /* KKTestTVCell.m */ = {isa = PBXFileReference; fileEncoding = 4; lastKnownFileType = sourcecode.c.objc; path = KKTestTVCell.m; sourceTree = "<group>"; };
		5B6589F421747F58008327FA /* DealImage_Demo.app */ = {isa = PBXFileReference; explicitFileType = wrapper.application; includeInIndex = 0; path = DealImage_Demo.app; sourceTree = BUILT_PRODUCTS_DIR; };
		5B6589F721747F58008327FA /* AppDelegate.h */ = {isa = PBXFileReference; lastKnownFileType = sourcecode.c.h; path = AppDelegate.h; sourceTree = "<group>"; };
		5B6589F821747F58008327FA /* AppDelegate.m */ = {isa = PBXFileReference; lastKnownFileType = sourcecode.c.objc; path = AppDelegate.m; sourceTree = "<group>"; };
		5B6589FA21747F58008327FA /* ViewController.h */ = {isa = PBXFileReference; lastKnownFileType = sourcecode.c.h; path = ViewController.h; sourceTree = "<group>"; };
		5B6589FB21747F58008327FA /* ViewController.m */ = {isa = PBXFileReference; lastKnownFileType = sourcecode.c.objc; path = ViewController.m; sourceTree = "<group>"; };
		5B6589FE21747F58008327FA /* Base */ = {isa = PBXFileReference; lastKnownFileType = file.storyboard; name = Base; path = Base.lproj/Main.storyboard; sourceTree = "<group>"; };
		5B658A0021747F65008327FA /* Assets.xcassets */ = {isa = PBXFileReference; lastKnownFileType = folder.assetcatalog; path = Assets.xcassets; sourceTree = "<group>"; };
		5B658A0321747F65008327FA /* Base */ = {isa = PBXFileReference; lastKnownFileType = file.storyboard; name = Base; path = Base.lproj/LaunchScreen.storyboard; sourceTree = "<group>"; };
		5B658A0521747F65008327FA /* Info.plist */ = {isa = PBXFileReference; lastKnownFileType = text.plist.xml; path = Info.plist; sourceTree = "<group>"; };
		5B658A0621747F65008327FA /* main.m */ = {isa = PBXFileReference; lastKnownFileType = sourcecode.c.objc; path = main.m; sourceTree = "<group>"; };
		5B658A0C21747F65008327FA /* DealImage_DemoTests.xctest */ = {isa = PBXFileReference; explicitFileType = wrapper.cfbundle; includeInIndex = 0; path = DealImage_DemoTests.xctest; sourceTree = BUILT_PRODUCTS_DIR; };
		5B658A1021747F65008327FA /* DealImage_DemoTests.m */ = {isa = PBXFileReference; lastKnownFileType = sourcecode.c.objc; path = DealImage_DemoTests.m; sourceTree = "<group>"; };
		5B658A1221747F65008327FA /* Info.plist */ = {isa = PBXFileReference; lastKnownFileType = text.plist.xml; path = Info.plist; sourceTree = "<group>"; };
		5B658A1721747F65008327FA /* DealImage_DemoUITests.xctest */ = {isa = PBXFileReference; explicitFileType = wrapper.cfbundle; includeInIndex = 0; path = DealImage_DemoUITests.xctest; sourceTree = BUILT_PRODUCTS_DIR; };
		5B658A1B21747F65008327FA /* DealImage_DemoUITests.m */ = {isa = PBXFileReference; lastKnownFileType = sourcecode.c.objc; path = DealImage_DemoUITests.m; sourceTree = "<group>"; };
		5B658A1D21747F65008327FA /* Info.plist */ = {isa = PBXFileReference; lastKnownFileType = text.plist.xml; path = Info.plist; sourceTree = "<group>"; };
		5B658A2921748306008327FA /* EditPictureVC.h */ = {isa = PBXFileReference; lastKnownFileType = sourcecode.c.h; path = EditPictureVC.h; sourceTree = "<group>"; };
		5B658A2A21748306008327FA /* EditPictureVC.m */ = {isa = PBXFileReference; lastKnownFileType = sourcecode.c.objc; path = EditPictureVC.m; sourceTree = "<group>"; };
		5B658A2B21748306008327FA /* EditPictureVC.xib */ = {isa = PBXFileReference; lastKnownFileType = file.xib; path = EditPictureVC.xib; sourceTree = "<group>"; };
		5B658A2E21748492008327FA /* pic.jpg */ = {isa = PBXFileReference; lastKnownFileType = image.jpeg; path = pic.jpg; sourceTree = "<group>"; };
		5B658A3021748EA4008327FA /* UIImage+SubImage.m */ = {isa = PBXFileReference; fileEncoding = 4; lastKnownFileType = sourcecode.c.objc; path = "UIImage+SubImage.m"; sourceTree = "<group>"; };
		5B658A3121748EA4008327FA /* UIImage+SubImage.h */ = {isa = PBXFileReference; fileEncoding = 4; lastKnownFileType = sourcecode.c.h; path = "UIImage+SubImage.h"; sourceTree = "<group>"; };
		5B69792523CEB52500AC5707 /* KKTimer.h */ = {isa = PBXFileReference; lastKnownFileType = sourcecode.c.h; path = KKTimer.h; sourceTree = "<group>"; };
		5B69792623CEB52500AC5707 /* KKTimer.m */ = {isa = PBXFileReference; lastKnownFileType = sourcecode.c.objc; path = KKTimer.m; sourceTree = "<group>"; };
/* End PBXFileReference section */

/* Begin PBXFrameworksBuildPhase section */
		5B6589F121747F58008327FA /* Frameworks */ = {
			isa = PBXFrameworksBuildPhase;
			buildActionMask = 2147483647;
			files = (
			);
			runOnlyForDeploymentPostprocessing = 0;
		};
		5B658A0921747F65008327FA /* Frameworks */ = {
			isa = PBXFrameworksBuildPhase;
			buildActionMask = 2147483647;
			files = (
			);
			runOnlyForDeploymentPostprocessing = 0;
		};
		5B658A1421747F65008327FA /* Frameworks */ = {
			isa = PBXFrameworksBuildPhase;
			buildActionMask = 2147483647;
			files = (
			);
			runOnlyForDeploymentPostprocessing = 0;
		};
/* End PBXFrameworksBuildPhase section */

/* Begin PBXGroup section */
		5B2254DC23D6D3CF00AA78ED /* customTF */ = {
			isa = PBXGroup;
			children = (
				5B2254DF23D6D3CF00AA78ED /* KKCustomTV.h */,
				5B2254DD23D6D3CF00AA78ED /* KKCustomTV.m */,
				5B2254DE23D6D3CF00AA78ED /* KKTestTVCell.h */,
				5B2254E023D6D3CF00AA78ED /* KKTestTVCell.m */,
			);
			path = customTF;
			sourceTree = "<group>";
		};
		5B6589EB21747F58008327FA = {
			isa = PBXGroup;
			children = (
				5B6589F621747F58008327FA /* DealImage_Demo */,
				5B658A0F21747F65008327FA /* DealImage_DemoTests */,
				5B658A1A21747F65008327FA /* DealImage_DemoUITests */,
				5B6589F521747F58008327FA /* Products */,
			);
			sourceTree = "<group>";
		};
		5B6589F521747F58008327FA /* Products */ = {
			isa = PBXGroup;
			children = (
				5B6589F421747F58008327FA /* DealImage_Demo.app */,
				5B658A0C21747F65008327FA /* DealImage_DemoTests.xctest */,
				5B658A1721747F65008327FA /* DealImage_DemoUITests.xctest */,
			);
			name = Products;
			sourceTree = "<group>";
		};
		5B6589F621747F58008327FA /* DealImage_Demo */ = {
			isa = PBXGroup;
			children = (
				5B2254DC23D6D3CF00AA78ED /* customTF */,
				5B69792523CEB52500AC5707 /* KKTimer.h */,
				5B69792623CEB52500AC5707 /* KKTimer.m */,
				5B658A3121748EA4008327FA /* UIImage+SubImage.h */,
				5B658A3021748EA4008327FA /* UIImage+SubImage.m */,
				5B658A2E21748492008327FA /* pic.jpg */,
				5B6589F721747F58008327FA /* AppDelegate.h */,
				5B6589F821747F58008327FA /* AppDelegate.m */,
				5B6589FA21747F58008327FA /* ViewController.h */,
				5B6589FB21747F58008327FA /* ViewController.m */,
				5B6589FD21747F58008327FA /* Main.storyboard */,
				5B658A2921748306008327FA /* EditPictureVC.h */,
				5B658A2A21748306008327FA /* EditPictureVC.m */,
				5B658A2B21748306008327FA /* EditPictureVC.xib */,
				5B658A0021747F65008327FA /* Assets.xcassets */,
				5B658A0221747F65008327FA /* LaunchScreen.storyboard */,
				5B658A0521747F65008327FA /* Info.plist */,
				5B658A0621747F65008327FA /* main.m */,
			);
			path = DealImage_Demo;
			sourceTree = "<group>";
		};
		5B658A0F21747F65008327FA /* DealImage_DemoTests */ = {
			isa = PBXGroup;
			children = (
				5B658A1021747F65008327FA /* DealImage_DemoTests.m */,
				5B658A1221747F65008327FA /* Info.plist */,
			);
			path = DealImage_DemoTests;
			sourceTree = "<group>";
		};
		5B658A1A21747F65008327FA /* DealImage_DemoUITests */ = {
			isa = PBXGroup;
			children = (
				5B658A1B21747F65008327FA /* DealImage_DemoUITests.m */,
				5B658A1D21747F65008327FA /* Info.plist */,
			);
			path = DealImage_DemoUITests;
			sourceTree = "<group>";
		};
/* End PBXGroup section */

/* Begin PBXNativeTarget section */
		5B6589F321747F58008327FA /* DealImage_Demo */ = {
			isa = PBXNativeTarget;
			buildConfigurationList = 5B658A2021747F65008327FA /* Build configuration list for PBXNativeTarget "DealImage_Demo" */;
			buildPhases = (
				5B6589F021747F58008327FA /* Sources */,
				5B6589F121747F58008327FA /* Frameworks */,
				5B6589F221747F58008327FA /* Resources */,
			);
			buildRules = (
			);
			dependencies = (
			);
			name = DealImage_Demo;
			productName = DealImage_Demo;
			productReference = 5B6589F421747F58008327FA /* DealImage_Demo.app */;
			productType = "com.apple.product-type.application";
		};
		5B658A0B21747F65008327FA /* DealImage_DemoTests */ = {
			isa = PBXNativeTarget;
			buildConfigurationList = 5B658A2321747F65008327FA /* Build configuration list for PBXNativeTarget "DealImage_DemoTests" */;
			buildPhases = (
				5B658A0821747F65008327FA /* Sources */,
				5B658A0921747F65008327FA /* Frameworks */,
				5B658A0A21747F65008327FA /* Resources */,
			);
			buildRules = (
			);
			dependencies = (
				5B658A0E21747F65008327FA /* PBXTargetDependency */,
			);
			name = DealImage_DemoTests;
			productName = DealImage_DemoTests;
			productReference = 5B658A0C21747F65008327FA /* DealImage_DemoTests.xctest */;
			productType = "com.apple.product-type.bundle.unit-test";
		};
		5B658A1621747F65008327FA /* DealImage_DemoUITests */ = {
			isa = PBXNativeTarget;
			buildConfigurationList = 5B658A2621747F65008327FA /* Build configuration list for PBXNativeTarget "DealImage_DemoUITests" */;
			buildPhases = (
				5B658A1321747F65008327FA /* Sources */,
				5B658A1421747F65008327FA /* Frameworks */,
				5B658A1521747F65008327FA /* Resources */,
			);
			buildRules = (
			);
			dependencies = (
				5B658A1921747F65008327FA /* PBXTargetDependency */,
			);
			name = DealImage_DemoUITests;
			productName = DealImage_DemoUITests;
			productReference = 5B658A1721747F65008327FA /* DealImage_DemoUITests.xctest */;
			productType = "com.apple.product-type.bundle.ui-testing";
		};
/* End PBXNativeTarget section */

/* Begin PBXProject section */
		5B6589EC21747F58008327FA /* Project object */ = {
			isa = PBXProject;
			attributes = {
				LastUpgradeCheck = 1000;
				ORGANIZATIONNAME = CarShare;
				TargetAttributes = {
					5B6589F321747F58008327FA = {
						CreatedOnToolsVersion = 10.0;
					};
					5B658A0B21747F65008327FA = {
						CreatedOnToolsVersion = 10.0;
						TestTargetID = 5B6589F321747F58008327FA;
					};
					5B658A1621747F65008327FA = {
						CreatedOnToolsVersion = 10.0;
						TestTargetID = 5B6589F321747F58008327FA;
					};
				};
			};
			buildConfigurationList = 5B6589EF21747F58008327FA /* Build configuration list for PBXProject "DealImage_Demo" */;
			compatibilityVersion = "Xcode 9.3";
			developmentRegion = en;
			hasScannedForEncodings = 0;
			knownRegions = (
				en,
				Base,
			);
			mainGroup = 5B6589EB21747F58008327FA;
			productRefGroup = 5B6589F521747F58008327FA /* Products */;
			projectDirPath = "";
			projectRoot = "";
			targets = (
				5B6589F321747F58008327FA /* DealImage_Demo */,
				5B658A0B21747F65008327FA /* DealImage_DemoTests */,
				5B658A1621747F65008327FA /* DealImage_DemoUITests */,
			);
		};
/* End PBXProject section */

/* Begin PBXResourcesBuildPhase section */
		5B6589F221747F58008327FA /* Resources */ = {
			isa = PBXResourcesBuildPhase;
			buildActionMask = 2147483647;
			files = (
				5B658A0421747F65008327FA /* LaunchScreen.storyboard in Resources */,
				5B658A2D21748306008327FA /* EditPictureVC.xib in Resources */,
				5B658A0121747F65008327FA /* Assets.xcassets in Resources */,
				5B6589FF21747F58008327FA /* Main.storyboard in Resources */,
				5B658A2F21748492008327FA /* pic.jpg in Resources */,
			);
			runOnlyForDeploymentPostprocessing = 0;
		};
		5B658A0A21747F65008327FA /* Resources */ = {
			isa = PBXResourcesBuildPhase;
			buildActionMask = 2147483647;
			files = (
			);
			runOnlyForDeploymentPostprocessing = 0;
		};
		5B658A1521747F65008327FA /* Resources */ = {
			isa = PBXResourcesBuildPhase;
			buildActionMask = 2147483647;
			files = (
			);
			runOnlyForDeploymentPostprocessing = 0;
		};
/* End PBXResourcesBuildPhase section */

/* Begin PBXSourcesBuildPhase section */
		5B6589F021747F58008327FA /* Sources */ = {
			isa = PBXSourcesBuildPhase;
			buildActionMask = 2147483647;
			files = (
				5B658A3221748EA4008327FA /* UIImage+SubImage.m in Sources */,
				5B2254E223D6D3CF00AA78ED /* KKTestTVCell.m in Sources */,
				5B2254E123D6D3CF00AA78ED /* KKCustomTV.m in Sources */,
				5B6589FC21747F58008327FA /* ViewController.m in Sources */,
				5B658A2C21748306008327FA /* EditPictureVC.m in Sources */,
				5B69792723CEB52500AC5707 /* KKTimer.m in Sources */,
				5B658A0721747F65008327FA /* main.m in Sources */,
				5B6589F921747F58008327FA /* AppDelegate.m in Sources */,
			);
			runOnlyForDeploymentPostprocessing = 0;
		};
		5B658A0821747F65008327FA /* Sources */ = {
			isa = PBXSourcesBuildPhase;
			buildActionMask = 2147483647;
			files = (
				5B658A1121747F65008327FA /* DealImage_DemoTests.m in Sources */,
			);
			runOnlyForDeploymentPostprocessing = 0;
		};
		5B658A1321747F65008327FA /* Sources */ = {
			isa = PBXSourcesBuildPhase;
			buildActionMask = 2147483647;
			files = (
				5B658A1C21747F65008327FA /* DealImage_DemoUITests.m in Sources */,
			);
			runOnlyForDeploymentPostprocessing = 0;
		};
/* End PBXSourcesBuildPhase section */

/* Begin PBXTargetDependency section */
		5B658A0E21747F65008327FA /* PBXTargetDependency */ = {
			isa = PBXTargetDependency;
			target = 5B6589F321747F58008327FA /* DealImage_Demo */;
			targetProxy = 5B658A0D21747F65008327FA /* PBXContainerItemProxy */;
		};
		5B658A1921747F65008327FA /* PBXTargetDependency */ = {
			isa = PBXTargetDependency;
			target = 5B6589F321747F58008327FA /* DealImage_Demo */;
			targetProxy = 5B658A1821747F65008327FA /* PBXContainerItemProxy */;
		};
/* End PBXTargetDependency section */

/* Begin PBXVariantGroup section */
		5B6589FD21747F58008327FA /* Main.storyboard */ = {
			isa = PBXVariantGroup;
			children = (
				5B6589FE21747F58008327FA /* Base */,
			);
			name = Main.storyboard;
			sourceTree = "<group>";
		};
		5B658A0221747F65008327FA /* LaunchScreen.storyboard */ = {
			isa = PBXVariantGroup;
			children = (
				5B658A0321747F65008327FA /* Base */,
			);
			name = LaunchScreen.storyboard;
			sourceTree = "<group>";
		};
/* End PBXVariantGroup section */

/* Begin XCBuildConfiguration section */
		5B658A1E21747F65008327FA /* Debug */ = {
			isa = XCBuildConfiguration;
			buildSettings = {
				ALWAYS_SEARCH_USER_PATHS = NO;
				CLANG_ANALYZER_NONNULL = YES;
				CLANG_ANALYZER_NUMBER_OBJECT_CONVERSION = YES_AGGRESSIVE;
				CLANG_CXX_LANGUAGE_STANDARD = "gnu++14";
				CLANG_CXX_LIBRARY = "libc++";
				CLANG_ENABLE_MODULES = YES;
				CLANG_ENABLE_OBJC_ARC = YES;
				CLANG_ENABLE_OBJC_WEAK = YES;
				CLANG_WARN_BLOCK_CAPTURE_AUTORELEASING = YES;
				CLANG_WARN_BOOL_CONVERSION = YES;
				CLANG_WARN_COMMA = YES;
				CLANG_WARN_CONSTANT_CONVERSION = YES;
				CLANG_WARN_DEPRECATED_OBJC_IMPLEMENTATIONS = YES;
				CLANG_WARN_DIRECT_OBJC_ISA_USAGE = YES_ERROR;
				CLANG_WARN_DOCUMENTATION_COMMENTS = YES;
				CLANG_WARN_EMPTY_BODY = YES;
				CLANG_WARN_ENUM_CONVERSION = YES;
				CLANG_WARN_INFINITE_RECURSION = YES;
				CLANG_WARN_INT_CONVERSION = YES;
				CLANG_WARN_NON_LITERAL_NULL_CONVERSION = YES;
				CLANG_WARN_OBJC_IMPLICIT_RETAIN_SELF = YES;
				CLANG_WARN_OBJC_LITERAL_CONVERSION = YES;
				CLANG_WARN_OBJC_ROOT_CLASS = YES_ERROR;
				CLANG_WARN_RANGE_LOOP_ANALYSIS = YES;
				CLANG_WARN_STRICT_PROTOTYPES = YES;
				CLANG_WARN_SUSPICIOUS_MOVE = YES;
				CLANG_WARN_UNGUARDED_AVAILABILITY = YES_AGGRESSIVE;
				CLANG_WARN_UNREACHABLE_CODE = YES;
				CLANG_WARN__DUPLICATE_METHOD_MATCH = YES;
				CODE_SIGN_IDENTITY = "iPhone Developer";
				COPY_PHASE_STRIP = NO;
				DEBUG_INFORMATION_FORMAT = dwarf;
				ENABLE_STRICT_OBJC_MSGSEND = YES;
				ENABLE_TESTABILITY = YES;
				GCC_C_LANGUAGE_STANDARD = gnu11;
				GCC_DYNAMIC_NO_PIC = NO;
				GCC_NO_COMMON_BLOCKS = YES;
				GCC_OPTIMIZATION_LEVEL = 0;
				GCC_PREPROCESSOR_DEFINITIONS = (
					"DEBUG=1",
					"$(inherited)",
				);
				GCC_WARN_64_TO_32_BIT_CONVERSION = YES;
				GCC_WARN_ABOUT_RETURN_TYPE = YES_ERROR;
				GCC_WARN_UNDECLARED_SELECTOR = YES;
				GCC_WARN_UNINITIALIZED_AUTOS = YES_AGGRESSIVE;
				GCC_WARN_UNUSED_FUNCTION = YES;
				GCC_WARN_UNUSED_VARIABLE = YES;
				IPHONEOS_DEPLOYMENT_TARGET = 12.0;
				MTL_ENABLE_DEBUG_INFO = INCLUDE_SOURCE;
				MTL_FAST_MATH = YES;
				ONLY_ACTIVE_ARCH = YES;
				SDKROOT = iphoneos;
			};
			name = Debug;
		};
		5B658A1F21747F65008327FA /* Release */ = {
			isa = XCBuildConfiguration;
			buildSettings = {
				ALWAYS_SEARCH_USER_PATHS = NO;
				CLANG_ANALYZER_NONNULL = YES;
				CLANG_ANALYZER_NUMBER_OBJECT_CONVERSION = YES_AGGRESSIVE;
				CLANG_CXX_LANGUAGE_STANDARD = "gnu++14";
				CLANG_CXX_LIBRARY = "libc++";
				CLANG_ENABLE_MODULES = YES;
				CLANG_ENABLE_OBJC_ARC = YES;
				CLANG_ENABLE_OBJC_WEAK = YES;
				CLANG_WARN_BLOCK_CAPTURE_AUTORELEASING = YES;
				CLANG_WARN_BOOL_CONVERSION = YES;
				CLANG_WARN_COMMA = YES;
				CLANG_WARN_CONSTANT_CONVERSION = YES;
				CLANG_WARN_DEPRECATED_OBJC_IMPLEMENTATIONS = YES;
				CLANG_WARN_DIRECT_OBJC_ISA_USAGE = YES_ERROR;
				CLANG_WARN_DOCUMENTATION_COMMENTS = YES;
				CLANG_WARN_EMPTY_BODY = YES;
				CLANG_WARN_ENUM_CONVERSION = YES;
				CLANG_WARN_INFINITE_RECURSION = YES;
				CLANG_WARN_INT_CONVERSION = YES;
				CLANG_WARN_NON_LITERAL_NULL_CONVERSION = YES;
				CLANG_WARN_OBJC_IMPLICIT_RETAIN_SELF = YES;
				CLANG_WARN_OBJC_LITERAL_CONVERSION = YES;
				CLANG_WARN_OBJC_ROOT_CLASS = YES_ERROR;
				CLANG_WARN_RANGE_LOOP_ANALYSIS = YES;
				CLANG_WARN_STRICT_PROTOTYPES = YES;
				CLANG_WARN_SUSPICIOUS_MOVE = YES;
				CLANG_WARN_UNGUARDED_AVAILABILITY = YES_AGGRESSIVE;
				CLANG_WARN_UNREACHABLE_CODE = YES;
				CLANG_WARN__DUPLICATE_METHOD_MATCH = YES;
				CODE_SIGN_IDENTITY = "iPhone Developer";
				COPY_PHASE_STRIP = NO;
				DEBUG_INFORMATION_FORMAT = "dwarf-with-dsym";
				ENABLE_NS_ASSERTIONS = NO;
				ENABLE_STRICT_OBJC_MSGSEND = YES;
				GCC_C_LANGUAGE_STANDARD = gnu11;
				GCC_NO_COMMON_BLOCKS = YES;
				GCC_WARN_64_TO_32_BIT_CONVERSION = YES;
				GCC_WARN_ABOUT_RETURN_TYPE = YES_ERROR;
				GCC_WARN_UNDECLARED_SELECTOR = YES;
				GCC_WARN_UNINITIALIZED_AUTOS = YES_AGGRESSIVE;
				GCC_WARN_UNUSED_FUNCTION = YES;
				GCC_WARN_UNUSED_VARIABLE = YES;
				IPHONEOS_DEPLOYMENT_TARGET = 12.0;
				MTL_ENABLE_DEBUG_INFO = NO;
				MTL_FAST_MATH = YES;
				SDKROOT = iphoneos;
				VALIDATE_PRODUCT = YES;
			};
			name = Release;
		};
		5B658A2121747F65008327FA /* Debug */ = {
			isa = XCBuildConfiguration;
			buildSettings = {
				ASSETCATALOG_COMPILER_APPICON_NAME = AppIcon;
				CODE_SIGN_STYLE = Automatic;
				DEVELOPMENT_TEAM = 47H7SLC9N5;
				INFOPLIST_FILE = DealImage_Demo/Info.plist;
				LD_RUNPATH_SEARCH_PATHS = (
					"$(inherited)",
					"@executable_path/Frameworks",
				);
				PRODUCT_BUNDLE_IDENTIFIER = "com.FangXiangJia.DealImage-Demo";
				PRODUCT_NAME = "$(TARGET_NAME)";
				TARGETED_DEVICE_FAMILY = "1,2";
			};
			name = Debug;
		};
		5B658A2221747F65008327FA /* Release */ = {
			isa = XCBuildConfiguration;
			buildSettings = {
				ASSETCATALOG_COMPILER_APPICON_NAME = AppIcon;
				CODE_SIGN_STYLE = Automatic;
				DEVELOPMENT_TEAM = 47H7SLC9N5;
				INFOPLIST_FILE = DealImage_Demo/Info.plist;
				LD_RUNPATH_SEARCH_PATHS = (
					"$(inherited)",
					"@executable_path/Frameworks",
				);
				PRODUCT_BUNDLE_IDENTIFIER = "com.FangXiangJia.DealImage-Demo";
				PRODUCT_NAME = "$(TARGET_NAME)";
				TARGETED_DEVICE_FAMILY = "1,2";
			};
			name = Release;
		};
		5B658A2421747F65008327FA /* Debug */ = {
			isa = XCBuildConfiguration;
			buildSettings = {
				BUNDLE_LOADER = "$(TEST_HOST)";
				CODE_SIGN_STYLE = Automatic;
				DEVELOPMENT_TEAM = 47H7SLC9N5;
				INFOPLIST_FILE = DealImage_DemoTests/Info.plist;
				LD_RUNPATH_SEARCH_PATHS = (
					"$(inherited)",
					"@executable_path/Frameworks",
					"@loader_path/Frameworks",
				);
				PRODUCT_BUNDLE_IDENTIFIER = "com.FangXiangJia.DealImage-DemoTests";
				PRODUCT_NAME = "$(TARGET_NAME)";
				TARGETED_DEVICE_FAMILY = "1,2";
				TEST_HOST = "$(BUILT_PRODUCTS_DIR)/DealImage_Demo.app/DealImage_Demo";
			};
			name = Debug;
		};
		5B658A2521747F65008327FA /* Release */ = {
			isa = XCBuildConfiguration;
			buildSettings = {
				BUNDLE_LOADER = "$(TEST_HOST)";
				CODE_SIGN_STYLE = Automatic;
				DEVELOPMENT_TEAM = 47H7SLC9N5;
				INFOPLIST_FILE = DealImage_DemoTests/Info.plist;
				LD_RUNPATH_SEARCH_PATHS = (
					"$(inherited)",
					"@executable_path/Frameworks",
					"@loader_path/Frameworks",
				);
				PRODUCT_BUNDLE_IDENTIFIER = "com.FangXiangJia.DealImage-DemoTests";
				PRODUCT_NAME = "$(TARGET_NAME)";
				TARGETED_DEVICE_FAMILY = "1,2";
				TEST_HOST = "$(BUILT_PRODUCTS_DIR)/DealImage_Demo.app/DealImage_Demo";
			};
			name = Release;
		};
		5B658A2721747F65008327FA /* Debug */ = {
			isa = XCBuildConfiguration;
			buildSettings = {
				CODE_SIGN_STYLE = Automatic;
				DEVELOPMENT_TEAM = 47H7SLC9N5;
				INFOPLIST_FILE = DealImage_DemoUITests/Info.plist;
				LD_RUNPATH_SEARCH_PATHS = (
					"$(inherited)",
					"@executable_path/Frameworks",
					"@loader_path/Frameworks",
				);
				PRODUCT_BUNDLE_IDENTIFIER = "com.FangXiangJia.DealImage-DemoUITests";
				PRODUCT_NAME = "$(TARGET_NAME)";
				TARGETED_DEVICE_FAMILY = "1,2";
				TEST_TARGET_NAME = DealImage_Demo;
			};
			name = Debug;
		};
		5B658A2821747F65008327FA /* Release */ = {
			isa = XCBuildConfiguration;
			buildSettings = {
				CODE_SIGN_STYLE = Automatic;
				DEVELOPMENT_TEAM = 47H7SLC9N5;
				INFOPLIST_FILE = DealImage_DemoUITests/Info.plist;
				LD_RUNPATH_SEARCH_PATHS = (
					"$(inherited)",
					"@executable_path/Frameworks",
					"@loader_path/Frameworks",
				);
				PRODUCT_BUNDLE_IDENTIFIER = "com.FangXiangJia.DealImage-DemoUITests";
				PRODUCT_NAME = "$(TARGET_NAME)";
				TARGETED_DEVICE_FAMILY = "1,2";
				TEST_TARGET_NAME = DealImage_Demo;
			};
			name = Release;
		};
/* End XCBuildConfiguration section */

/* Begin XCConfigurationList section */
		5B6589EF21747F58008327FA /* Build configuration list for PBXProject "DealImage_Demo" */ = {
			isa = XCConfigurationList;
			buildConfigurations = (
				5B658A1E21747F65008327FA /* Debug */,
				5B658A1F21747F65008327FA /* Release */,
			);
			defaultConfigurationIsVisible = 0;
			defaultConfigurationName = Release;
		};
		5B658A2021747F65008327FA /* Build configuration list for PBXNativeTarget "DealImage_Demo" */ = {
			isa = XCConfigurationList;
			buildConfigurations = (
				5B658A2121747F65008327FA /* Debug */,
				5B658A2221747F65008327FA /* Release */,
			);
			defaultConfigurationIsVisible = 0;
			defaultConfigurationName = Release;
		};
		5B658A2321747F65008327FA /* Build configuration list for PBXNativeTarget "DealImage_DemoTests" */ = {
			isa = XCConfigurationList;
			buildConfigurations = (
				5B658A2421747F65008327FA /* Debug */,
				5B658A2521747F65008327FA /* Release */,
			);
			defaultConfigurationIsVisible = 0;
			defaultConfigurationName = Release;
		};
		5B658A2621747F65008327FA /* Build configuration list for PBXNativeTarget "DealImage_DemoUITests" */ = {
			isa = XCConfigurationList;
			buildConfigurations = (
				5B658A2721747F65008327FA /* Debug */,
				5B658A2821747F65008327FA /* Release */,
			);
			defaultConfigurationIsVisible = 0;
			defaultConfigurationName = Release;
		};
/* End XCConfigurationList section */
	};
	rootObject = 5B6589EC21747F58008327FA /* Project object */;
}
